{
  "object": {
    "pins": [
      {
        "package": "Signals",
        "repositoryURL": "https://github.com/IBM-Swift/BlueSignals",
        "state": {
          "branch": null,
          "revision": "c5a3445f0be9a4fabd66765f54559f039a9f2cfb",
          "version": "1.0.4"
        }
      },
      {
        "package": "CLISpinner",
        "repositoryURL": "https://github.com/kiliankoe/CLISpinner",
        "state": {
          "branch": null,
          "revision": "93ca0c508e2bfcfc65ef068f667b3f20c327158c",
          "version": "0.3.6"
        }
      },
      {
        "package": "Rainbow",
        "repositoryURL": "https://github.com/onevcat/Rainbow",
        "state": {
          "branch": null,
          "revision": "797a68d0a642609424b08f11eb56974a54d5f6e2",
          "version": "3.1.4"
        }
      },
      {
        "package": "WikipediaKit",
        "repositoryURL": "https://github.com/Raureif/WikipediaKit",
        "state": {
          "branch": "v1.0.0-beta.5",
          "revision": "2504ceda0dee0bd64d0a82f94a56dbbe488f83d4",
          "version": null
        }
      }
    ]
  },
  "version": 1
}
